// !$*UTF8*$!
{
	archiveVersion = 1;
	classes = {
	};
	objectVersion = 56;
	objects = {

/* Begin PBXBuildFile section */
		2F178DF629349EF10061100E /* NeurothroneApp.swift in Sources */ = {isa = PBXBuildFile; fileRef = 2F178DF529349EF10061100E /* NeurothroneApp.swift */; };
		2F178DF829349EF10061100E /* ContentView.swift in Sources */ = {isa = PBXBuildFile; fileRef = 2F178DF729349EF10061100E /* ContentView.swift */; };
		2F178DFA29349EF20061100E /* Assets.xcassets in Resources */ = {isa = PBXBuildFile; fileRef = 2F178DF929349EF20061100E /* Assets.xcassets */; };
		2F178DFE29349EF20061100E /* Preview Assets.xcassets in Resources */ = {isa = PBXBuildFile; fileRef = 2F178DFD29349EF20061100E /* Preview Assets.xcassets */; };
		2F178E072934A0000061100E /* Collection+Extensions.swift in Sources */ = {isa = PBXBuildFile; fileRef = 2F178E062934A0000061100E /* Collection+Extensions.swift */; };
		2F178E092934A0220061100E /* Project.swift in Sources */ = {isa = PBXBuildFile; fileRef = 2F178E082934A0220061100E /* Project.swift */; };
		2F178E0B2934A0CC0061100E /* Technology.swift in Sources */ = {isa = PBXBuildFile; fileRef = 2F178E0A2934A0CC0061100E /* Technology.swift */; };
		2F178E0F2934A1250061100E /* Presentation.swift in Sources */ = {isa = PBXBuildFile; fileRef = 2F178E0E2934A1250061100E /* Presentation.swift */; };
		2F178E122934A39D0061100E /* HomeScreen.swift in Sources */ = {isa = PBXBuildFile; fileRef = 2F178E112934A39D0061100E /* HomeScreen.swift */; };
		2F178E142934A3A40061100E /* AboutScreen.swift in Sources */ = {isa = PBXBuildFile; fileRef = 2F178E132934A3A40061100E /* AboutScreen.swift */; };
		2F178E162934A3A90061100E /* ContactScreen.swift in Sources */ = {isa = PBXBuildFile; fileRef = 2F178E152934A3A90061100E /* ContactScreen.swift */; };
		2F178E182934A3AD0061100E /* CVScreen.swift in Sources */ = {isa = PBXBuildFile; fileRef = 2F178E172934A3AD0061100E /* CVScreen.swift */; };
		2F178E1A2934A3B20061100E /* PortfolioScreen.swift in Sources */ = {isa = PBXBuildFile; fileRef = 2F178E192934A3B20061100E /* PortfolioScreen.swift */; };
		2F178E1D2934A3BE0061100E /* Tab.swift in Sources */ = {isa = PBXBuildFile; fileRef = 2F178E1C2934A3BE0061100E /* Tab.swift */; };
		2F178E6D2934E4540061100E /* Constant.swift in Sources */ = {isa = PBXBuildFile; fileRef = 2F178E6C2934E4540061100E /* Constant.swift */; };
/* End PBXBuildFile section */

/* Begin PBXFileReference section */
		2F178DF229349EF10061100E /* Neurothrone-iOS.app */ = {isa = PBXFileReference; explicitFileType = wrapper.application; includeInIndex = 0; path = "Neurothrone-iOS.app"; sourceTree = BUILT_PRODUCTS_DIR; };
		2F178DF529349EF10061100E /* NeurothroneApp.swift */ = {isa = PBXFileReference; lastKnownFileType = sourcecode.swift; path = NeurothroneApp.swift; sourceTree = "<group>"; };
		2F178DF729349EF10061100E /* ContentView.swift */ = {isa = PBXFileReference; lastKnownFileType = sourcecode.swift; path = ContentView.swift; sourceTree = "<group>"; };
		2F178DF929349EF20061100E /* Assets.xcassets */ = {isa = PBXFileReference; lastKnownFileType = folder.assetcatalog; path = Assets.xcassets; sourceTree = "<group>"; };
		2F178DFB29349EF20061100E /* NeurothroneApp.entitlements */ = {isa = PBXFileReference; lastKnownFileType = text.plist.entitlements; path = NeurothroneApp.entitlements; sourceTree = "<group>"; };
		2F178DFD29349EF20061100E /* Preview Assets.xcassets */ = {isa = PBXFileReference; lastKnownFileType = folder.assetcatalog; path = "Preview Assets.xcassets"; sourceTree = "<group>"; };
		2F178E062934A0000061100E /* Collection+Extensions.swift */ = {isa = PBXFileReference; lastKnownFileType = sourcecode.swift; path = "Collection+Extensions.swift"; sourceTree = "<group>"; };
		2F178E082934A0220061100E /* Project.swift */ = {isa = PBXFileReference; lastKnownFileType = sourcecode.swift; path = Project.swift; sourceTree = "<group>"; };
		2F178E0A2934A0CC0061100E /* Technology.swift */ = {isa = PBXFileReference; lastKnownFileType = sourcecode.swift; path = Technology.swift; sourceTree = "<group>"; };
		2F178E0E2934A1250061100E /* Presentation.swift */ = {isa = PBXFileReference; lastKnownFileType = sourcecode.swift; path = Presentation.swift; sourceTree = "<group>"; };
		2F178E112934A39D0061100E /* HomeScreen.swift */ = {isa = PBXFileReference; lastKnownFileType = sourcecode.swift; path = HomeScreen.swift; sourceTree = "<group>"; };
		2F178E132934A3A40061100E /* AboutScreen.swift */ = {isa = PBXFileReference; lastKnownFileType = sourcecode.swift; path = AboutScreen.swift; sourceTree = "<group>"; };
		2F178E152934A3A90061100E /* ContactScreen.swift */ = {isa = PBXFileReference; lastKnownFileType = sourcecode.swift; path = ContactScreen.swift; sourceTree = "<group>"; };
		2F178E172934A3AD0061100E /* CVScreen.swift */ = {isa = PBXFileReference; lastKnownFileType = sourcecode.swift; path = CVScreen.swift; sourceTree = "<group>"; };
		2F178E192934A3B20061100E /* PortfolioScreen.swift */ = {isa = PBXFileReference; lastKnownFileType = sourcecode.swift; path = PortfolioScreen.swift; sourceTree = "<group>"; };
		2F178E1C2934A3BE0061100E /* Tab.swift */ = {isa = PBXFileReference; lastKnownFileType = sourcecode.swift; path = Tab.swift; sourceTree = "<group>"; };
		2F178E6C2934E4540061100E /* Constant.swift */ = {isa = PBXFileReference; lastKnownFileType = sourcecode.swift; path = Constant.swift; sourceTree = "<group>"; };
/* End PBXFileReference section */

/* Begin PBXFrameworksBuildPhase section */
		2F178DEF29349EF10061100E /* Frameworks */ = {
			isa = PBXFrameworksBuildPhase;
			buildActionMask = 2147483647;
			files = (
			);
			runOnlyForDeploymentPostprocessing = 0;
		};
/* End PBXFrameworksBuildPhase section */

/* Begin PBXGroup section */
		2F178DE929349EF10061100E = {
			isa = PBXGroup;
			children = (
				2F178DF429349EF10061100E /* Neurothrone-iOS */,
				2F178DF329349EF10061100E /* Products */,
			);
			sourceTree = "<group>";
		};
		2F178DF329349EF10061100E /* Products */ = {
			isa = PBXGroup;
			children = (
				2F178DF229349EF10061100E /* Neurothrone-iOS.app */,
			);
			name = Products;
			sourceTree = "<group>";
		};
		2F178DF429349EF10061100E /* Neurothrone-iOS */ = {
			isa = PBXGroup;
			children = (
				2F178DF529349EF10061100E /* NeurothroneApp.swift */,
				2F178DF729349EF10061100E /* ContentView.swift */,
				2F178E6C2934E4540061100E /* Constant.swift */,
				2F178DF929349EF20061100E /* Assets.xcassets */,
				2F178DFB29349EF20061100E /* NeurothroneApp.entitlements */,
				2F178E0529349FF70061100E /* Extensions */,
				2F178E0429349FF40061100E /* Models */,
				2F178E102934A3720061100E /* Views */,
				2F178DFC29349EF20061100E /* Preview Content */,
			);
			path = "Neurothrone-iOS";
			sourceTree = "<group>";
		};
		2F178DFC29349EF20061100E /* Preview Content */ = {
			isa = PBXGroup;
			children = (
				2F178DFD29349EF20061100E /* Preview Assets.xcassets */,
			);
			path = "Preview Content";
			sourceTree = "<group>";
		};
		2F178E0429349FF40061100E /* Models */ = {
			isa = PBXGroup;
			children = (
				2F178E082934A0220061100E /* Project.swift */,
				2F178E0E2934A1250061100E /* Presentation.swift */,
				2F178E0A2934A0CC0061100E /* Technology.swift */,
			);
			path = Models;
			sourceTree = "<group>";
		};
		2F178E0529349FF70061100E /* Extensions */ = {
			isa = PBXGroup;
			children = (
				2F178E062934A0000061100E /* Collection+Extensions.swift */,
			);
			path = Extensions;
			sourceTree = "<group>";
		};
		2F178E102934A3720061100E /* Views */ = {
			isa = PBXGroup;
			children = (
				2F178E1C2934A3BE0061100E /* Tab.swift */,
				2F178E112934A39D0061100E /* HomeScreen.swift */,
				2F178E132934A3A40061100E /* AboutScreen.swift */,
				2F178E152934A3A90061100E /* ContactScreen.swift */,
				2F178E172934A3AD0061100E /* CVScreen.swift */,
				2F178E192934A3B20061100E /* PortfolioScreen.swift */,
			);
			path = Views;
			sourceTree = "<group>";
		};
/* End PBXGroup section */

/* Begin PBXNativeTarget section */
		2F178DF129349EF10061100E /* Neurothrone-iOS */ = {
			isa = PBXNativeTarget;
			buildConfigurationList = 2F178E0129349EF20061100E /* Build configuration list for PBXNativeTarget "Neurothrone-iOS" */;
			buildPhases = (
				2F178DEE29349EF10061100E /* Sources */,
				2F178DEF29349EF10061100E /* Frameworks */,
				2F178DF029349EF10061100E /* Resources */,
			);
			buildRules = (
			);
			dependencies = (
			);
			name = "Neurothrone-iOS";
			productName = "Neurothrone-iOS";
			productReference = 2F178DF229349EF10061100E /* Neurothrone-iOS.app */;
			productType = "com.apple.product-type.application";
		};
/* End PBXNativeTarget section */

/* Begin PBXProject section */
		2F178DEA29349EF10061100E /* Project object */ = {
			isa = PBXProject;
			attributes = {
				BuildIndependentTargetsInParallel = 1;
				LastSwiftUpdateCheck = 1410;
				LastUpgradeCheck = 1410;
				TargetAttributes = {
					2F178DF129349EF10061100E = {
						CreatedOnToolsVersion = 14.1;
					};
				};
			};
			buildConfigurationList = 2F178DED29349EF10061100E /* Build configuration list for PBXProject "Neurothrone-iOS" */;
			compatibilityVersion = "Xcode 14.0";
			developmentRegion = en;
			hasScannedForEncodings = 0;
			knownRegions = (
				en,
				Base,
			);
			mainGroup = 2F178DE929349EF10061100E;
			productRefGroup = 2F178DF329349EF10061100E /* Products */;
			projectDirPath = "";
			projectRoot = "";
			targets = (
				2F178DF129349EF10061100E /* Neurothrone-iOS */,
			);
		};
/* End PBXProject section */

/* Begin PBXResourcesBuildPhase section */
		2F178DF029349EF10061100E /* Resources */ = {
			isa = PBXResourcesBuildPhase;
			buildActionMask = 2147483647;
			files = (
				2F178DFE29349EF20061100E /* Preview Assets.xcassets in Resources */,
				2F178DFA29349EF20061100E /* Assets.xcassets in Resources */,
			);
			runOnlyForDeploymentPostprocessing = 0;
		};
/* End PBXResourcesBuildPhase section */

/* Begin PBXSourcesBuildPhase section */
		2F178DEE29349EF10061100E /* Sources */ = {
			isa = PBXSourcesBuildPhase;
			buildActionMask = 2147483647;
			files = (
				2F178E1A2934A3B20061100E /* PortfolioScreen.swift in Sources */,
				2F178DF829349EF10061100E /* ContentView.swift in Sources */,
				2F178DF629349EF10061100E /* NeurothroneApp.swift in Sources */,
				2F178E1D2934A3BE0061100E /* Tab.swift in Sources */,
				2F178E122934A39D0061100E /* HomeScreen.swift in Sources */,
				2F178E072934A0000061100E /* Collection+Extensions.swift in Sources */,
				2F178E182934A3AD0061100E /* CVScreen.swift in Sources */,
				2F178E6D2934E4540061100E /* Constant.swift in Sources */,
				2F178E162934A3A90061100E /* ContactScreen.swift in Sources */,
				2F178E092934A0220061100E /* Project.swift in Sources */,
				2F178E0F2934A1250061100E /* Presentation.swift in Sources */,
				2F178E0B2934A0CC0061100E /* Technology.swift in Sources */,
				2F178E142934A3A40061100E /* AboutScreen.swift in Sources */,
			);
			runOnlyForDeploymentPostprocessing = 0;
		};
/* End PBXSourcesBuildPhase section */

/* Begin XCBuildConfiguration section */
		2F178DFF29349EF20061100E /* Debug */ = {
			isa = XCBuildConfiguration;
			buildSettings = {
				ALWAYS_SEARCH_USER_PATHS = NO;
				CLANG_ANALYZER_NONNULL = YES;
				CLANG_ANALYZER_NUMBER_OBJECT_CONVERSION = YES_AGGRESSIVE;
				CLANG_CXX_LANGUAGE_STANDARD = "gnu++20";
				CLANG_ENABLE_MODULES = YES;
				CLANG_ENABLE_OBJC_ARC = YES;
				CLANG_ENABLE_OBJC_WEAK = YES;
				CLANG_WARN_BLOCK_CAPTURE_AUTORELEASING = YES;
				CLANG_WARN_BOOL_CONVERSION = YES;
				CLANG_WARN_COMMA = YES;
				CLANG_WARN_CONSTANT_CONVERSION = YES;
				CLANG_WARN_DEPRECATED_OBJC_IMPLEMENTATIONS = YES;
				CLANG_WARN_DIRECT_OBJC_ISA_USAGE = YES_ERROR;
				CLANG_WARN_DOCUMENTATION_COMMENTS = YES;
				CLANG_WARN_EMPTY_BODY = YES;
				CLANG_WARN_ENUM_CONVERSION = YES;
				CLANG_WARN_INFINITE_RECURSION = YES;
				CLANG_WARN_INT_CONVERSION = YES;
				CLANG_WARN_NON_LITERAL_NULL_CONVERSION = YES;
				CLANG_WARN_OBJC_IMPLICIT_RETAIN_SELF = YES;
				CLANG_WARN_OBJC_LITERAL_CONVERSION = YES;
				CLANG_WARN_OBJC_ROOT_CLASS = YES_ERROR;
				CLANG_WARN_QUOTED_INCLUDE_IN_FRAMEWORK_HEADER = YES;
				CLANG_WARN_RANGE_LOOP_ANALYSIS = YES;
				CLANG_WARN_STRICT_PROTOTYPES = YES;
				CLANG_WARN_SUSPICIOUS_MOVE = YES;
				CLANG_WARN_UNGUARDED_AVAILABILITY = YES_AGGRESSIVE;
				CLANG_WARN_UNREACHABLE_CODE = YES;
				CLANG_WARN__DUPLICATE_METHOD_MATCH = YES;
				COPY_PHASE_STRIP = NO;
				DEBUG_INFORMATION_FORMAT = dwarf;
				ENABLE_STRICT_OBJC_MSGSEND = YES;
				ENABLE_TESTABILITY = YES;
				GCC_C_LANGUAGE_STANDARD = gnu11;
				GCC_DYNAMIC_NO_PIC = NO;
				GCC_NO_COMMON_BLOCKS = YES;
				GCC_OPTIMIZATION_LEVEL = 0;
				GCC_PREPROCESSOR_DEFINITIONS = (
					"DEBUG=1",
					"$(inherited)",
				);
				GCC_WARN_64_TO_32_BIT_CONVERSION = YES;
				GCC_WARN_ABOUT_RETURN_TYPE = YES_ERROR;
				GCC_WARN_UNDECLARED_SELECTOR = YES;
				GCC_WARN_UNINITIALIZED_AUTOS = YES_AGGRESSIVE;
				GCC_WARN_UNUSED_FUNCTION = YES;
				GCC_WARN_UNUSED_VARIABLE = YES;
				MTL_ENABLE_DEBUG_INFO = INCLUDE_SOURCE;
				MTL_FAST_MATH = YES;
				ONLY_ACTIVE_ARCH = YES;
				SWIFT_ACTIVE_COMPILATION_CONDITIONS = DEBUG;
				SWIFT_OPTIMIZATION_LEVEL = "-Onone";
			};
			name = Debug;
		};
		2F178E0029349EF20061100E /* Release */ = {
			isa = XCBuildConfiguration;
			buildSettings = {
				ALWAYS_SEARCH_USER_PATHS = NO;
				CLANG_ANALYZER_NONNULL = YES;
				CLANG_ANALYZER_NUMBER_OBJECT_CONVERSION = YES_AGGRESSIVE;
				CLANG_CXX_LANGUAGE_STANDARD = "gnu++20";
				CLANG_ENABLE_MODULES = YES;
				CLANG_ENABLE_OBJC_ARC = YES;
				CLANG_ENABLE_OBJC_WEAK = YES;
				CLANG_WARN_BLOCK_CAPTURE_AUTORELEASING = YES;
				CLANG_WARN_BOOL_CONVERSION = YES;
				CLANG_WARN_COMMA = YES;
				CLANG_WARN_CONSTANT_CONVERSION = YES;
				CLANG_WARN_DEPRECATED_OBJC_IMPLEMENTATIONS = YES;
				CLANG_WARN_DIRECT_OBJC_ISA_USAGE = YES_ERROR;
				CLANG_WARN_DOCUMENTATION_COMMENTS = YES;
				CLANG_WARN_EMPTY_BODY = YES;
				CLANG_WARN_ENUM_CONVERSION = YES;
				CLANG_WARN_INFINITE_RECURSION = YES;
				CLANG_WARN_INT_CONVERSION = YES;
				CLANG_WARN_NON_LITERAL_NULL_CONVERSION = YES;
				CLANG_WARN_OBJC_IMPLICIT_RETAIN_SELF = YES;
				CLANG_WARN_OBJC_LITERAL_CONVERSION = YES;
				CLANG_WARN_OBJC_ROOT_CLASS = YES_ERROR;
				CLANG_WARN_QUOTED_INCLUDE_IN_FRAMEWORK_HEADER = YES;
				CLANG_WARN_RANGE_LOOP_ANALYSIS = YES;
				CLANG_WARN_STRICT_PROTOTYPES = YES;
				CLANG_WARN_SUSPICIOUS_MOVE = YES;
				CLANG_WARN_UNGUARDED_AVAILABILITY = YES_AGGRESSIVE;
				CLANG_WARN_UNREACHABLE_CODE = YES;
				CLANG_WARN__DUPLICATE_METHOD_MATCH = YES;
				COPY_PHASE_STRIP = NO;
				DEBUG_INFORMATION_FORMAT = "dwarf-with-dsym";
				ENABLE_NS_ASSERTIONS = NO;
				ENABLE_STRICT_OBJC_MSGSEND = YES;
				GCC_C_LANGUAGE_STANDARD = gnu11;
				GCC_NO_COMMON_BLOCKS = YES;
				GCC_WARN_64_TO_32_BIT_CONVERSION = YES;
				GCC_WARN_ABOUT_RETURN_TYPE = YES_ERROR;
				GCC_WARN_UNDECLARED_SELECTOR = YES;
				GCC_WARN_UNINITIALIZED_AUTOS = YES_AGGRESSIVE;
				GCC_WARN_UNUSED_FUNCTION = YES;
				GCC_WARN_UNUSED_VARIABLE = YES;
				MTL_ENABLE_DEBUG_INFO = NO;
				MTL_FAST_MATH = YES;
				SWIFT_COMPILATION_MODE = wholemodule;
				SWIFT_OPTIMIZATION_LEVEL = "-O";
			};
			name = Release;
		};
		2F178E0229349EF20061100E /* Debug */ = {
			isa = XCBuildConfiguration;
			buildSettings = {
				ASSETCATALOG_COMPILER_APPICON_NAME = AppIcon;
				ASSETCATALOG_COMPILER_GLOBAL_ACCENT_COLOR_NAME = AccentColor;
				CODE_SIGN_ENTITLEMENTS = "Neurothrone-iOS/NeurothroneApp.entitlements";
				CODE_SIGN_STYLE = Automatic;
				CURRENT_PROJECT_VERSION = 1;
				DEVELOPMENT_ASSET_PATHS = "\"Neurothrone-iOS/Preview Content\"";
				DEVELOPMENT_TEAM = 4BP826FJGX;
				ENABLE_HARDENED_RUNTIME = YES;
				ENABLE_PREVIEWS = YES;
				GENERATE_INFOPLIST_FILE = YES;
				"INFOPLIST_KEY_UIApplicationSceneManifest_Generation[sdk=iphoneos*]" = YES;
				"INFOPLIST_KEY_UIApplicationSceneManifest_Generation[sdk=iphonesimulator*]" = YES;
				"INFOPLIST_KEY_UIApplicationSupportsIndirectInputEvents[sdk=iphoneos*]" = YES;
				"INFOPLIST_KEY_UIApplicationSupportsIndirectInputEvents[sdk=iphonesimulator*]" = YES;
				"INFOPLIST_KEY_UILaunchScreen_Generation[sdk=iphoneos*]" = YES;
				"INFOPLIST_KEY_UILaunchScreen_Generation[sdk=iphonesimulator*]" = YES;
				"INFOPLIST_KEY_UIStatusBarStyle[sdk=iphoneos*]" = UIStatusBarStyleDefault;
				"INFOPLIST_KEY_UIStatusBarStyle[sdk=iphonesimulator*]" = UIStatusBarStyleDefault;
				INFOPLIST_KEY_UISupportedInterfaceOrientations_iPad = "UIInterfaceOrientationPortrait UIInterfaceOrientationPortraitUpsideDown UIInterfaceOrientationLandscapeLeft UIInterfaceOrientationLandscapeRight";
				INFOPLIST_KEY_UISupportedInterfaceOrientations_iPhone = "UIInterfaceOrientationPortrait UIInterfaceOrientationLandscapeLeft UIInterfaceOrientationLandscapeRight";
				INFOPLIST_KEY_UIUserInterfaceStyle = Dark;
				IPHONEOS_DEPLOYMENT_TARGET = 16.1;
				LD_RUNPATH_SEARCH_PATHS = "@executable_path/Frameworks";
				"LD_RUNPATH_SEARCH_PATHS[sdk=macosx*]" = "@executable_path/../Frameworks";
				MACOSX_DEPLOYMENT_TARGET = 13.0;
				MARKETING_VERSION = 1.0;
				PRODUCT_BUNDLE_IDENTIFIER = "dev.neurothrone.Neurothrone-iOS";
				PRODUCT_NAME = "$(TARGET_NAME)";
				SDKROOT = auto;
				SUPPORTED_PLATFORMS = "iphoneos iphonesimulator macosx";
				SWIFT_EMIT_LOC_STRINGS = YES;
				SWIFT_VERSION = 5.0;
				TARGETED_DEVICE_FAMILY = "1,2";
			};
			name = Debug;
		};
		2F178E0329349EF20061100E /* Release */ = {
			isa = XCBuildConfiguration;
			buildSettings = {
				ASSETCATALOG_COMPILER_APPICON_NAME = AppIcon;
				ASSETCATALOG_COMPILER_GLOBAL_ACCENT_COLOR_NAME = AccentColor;
				CODE_SIGN_ENTITLEMENTS = "Neurothrone-iOS/NeurothroneApp.entitlements";
				CODE_SIGN_STYLE = Automatic;
				CURRENT_PROJECT_VERSION = 1;
				DEVELOPMENT_ASSET_PATHS = "\"Neurothrone-iOS/Preview Content\"";
				DEVELOPMENT_TEAM = 4BP826FJGX;
				ENABLE_HARDENED_RUNTIME = YES;
				ENABLE_PREVIEWS = YES;
				GENERATE_INFOPLIST_FILE = YES;
				"INFOPLIST_KEY_UIApplicationSceneManifest_Generation[sdk=iphoneos*]" = YES;
				"INFOPLIST_KEY_UIApplicationSceneManifest_Generation[sdk=iphonesimulator*]" = YES;
				"INFOPLIST_KEY_UIApplicationSupportsIndirectInputEvents[sdk=iphoneos*]" = YES;
				"INFOPLIST_KEY_UIApplicationSupportsIndirectInputEvents[sdk=iphonesimulator*]" = YES;
				"INFOPLIST_KEY_UILaunchScreen_Generation[sdk=iphoneos*]" = YES;
				"INFOPLIST_KEY_UILaunchScreen_Generation[sdk=iphonesimulator*]" = YES;
				"INFOPLIST_KEY_UIStatusBarStyle[sdk=iphoneos*]" = UIStatusBarStyleDefault;
				"INFOPLIST_KEY_UIStatusBarStyle[sdk=iphonesimulator*]" = UIStatusBarStyleDefault;
				INFOPLIST_KEY_UISupportedInterfaceOrientations_iPad = "UIInterfaceOrientationPortrait UIInterfaceOrientationPortraitUpsideDown UIInterfaceOrientationLandscapeLeft UIInterfaceOrientationLandscapeRight";
				INFOPLIST_KEY_UISupportedInterfaceOrientations_iPhone = "UIInterfaceOrientationPortrait UIInterfaceOrientationLandscapeLeft UIInterfaceOrientationLandscapeRight";
				INFOPLIST_KEY_UIUserInterfaceStyle = Dark;
				IPHONEOS_DEPLOYMENT_TARGET = 16.1;
				LD_RUNPATH_SEARCH_PATHS = "@executable_path/Frameworks";
				"LD_RUNPATH_SEARCH_PATHS[sdk=macosx*]" = "@executable_path/../Frameworks";
				MACOSX_DEPLOYMENT_TARGET = 13.0;
				MARKETING_VERSION = 1.0;
				PRODUCT_BUNDLE_IDENTIFIER = "dev.neurothrone.Neurothrone-iOS";
				PRODUCT_NAME = "$(TARGET_NAME)";
				SDKROOT = auto;
				SUPPORTED_PLATFORMS = "iphoneos iphonesimulator macosx";
				SWIFT_EMIT_LOC_STRINGS = YES;
				SWIFT_VERSION = 5.0;
				TARGETED_DEVICE_FAMILY = "1,2";
			};
			name = Release;
		};
/* End XCBuildConfiguration section */

/* Begin XCConfigurationList section */
		2F178DED29349EF10061100E /* Build configuration list for PBXProject "Neurothrone-iOS" */ = {
			isa = XCConfigurationList;
			buildConfigurations = (
				2F178DFF29349EF20061100E /* Debug */,
				2F178E0029349EF20061100E /* Release */,
			);
			defaultConfigurationIsVisible = 0;
			defaultConfigurationName = Release;
		};
		2F178E0129349EF20061100E /* Build configuration list for PBXNativeTarget "Neurothrone-iOS" */ = {
			isa = XCConfigurationList;
			buildConfigurations = (
				2F178E0229349EF20061100E /* Debug */,
				2F178E0329349EF20061100E /* Release */,
			);
			defaultConfigurationIsVisible = 0;
			defaultConfigurationName = Release;
		};
/* End XCConfigurationList section */
	};
	rootObject = 2F178DEA29349EF10061100E /* Project object */;
}
